// !$*UTF8*$!
{
	archiveVersion = 1;
	classes = {
	};
	objectVersion = 50;
	objects = {

/* Begin PBXBuildFile section */
		FD2EE44020E0AC4000FBB611 /* AppDelegate.swift in Sources */ = {isa = PBXBuildFile; fileRef = FD2EE43F20E0AC4000FBB611 /* AppDelegate.swift */; };
		FD2EE44720E0AC4100FBB611 /* Assets.xcassets in Resources */ = {isa = PBXBuildFile; fileRef = FD2EE44620E0AC4100FBB611 /* Assets.xcassets */; };
		FD2EE44A20E0AC4100FBB611 /* LaunchScreen.storyboard in Resources */ = {isa = PBXBuildFile; fileRef = FD2EE44820E0AC4100FBB611 /* LaunchScreen.storyboard */; };
		FD2EE45520E0AE9E00FBB611 /* BaseViewController.swift in Sources */ = {isa = PBXBuildFile; fileRef = FD2EE45420E0AE9E00FBB611 /* BaseViewController.swift */; };
		FD2EE46920E0B55300FBB611 /* CountryListViewController.swift in Sources */ = {isa = PBXBuildFile; fileRef = FD2EE46720E0B55300FBB611 /* CountryListViewController.swift */; };
		FD2EE46A20E0B55300FBB611 /* CountryListViewController.xib in Resources */ = {isa = PBXBuildFile; fileRef = FD2EE46820E0B55300FBB611 /* CountryListViewController.xib */; };
		FD2EE46C20E0B65200FBB611 /* ApplicationRouter.swift in Sources */ = {isa = PBXBuildFile; fileRef = FD2EE46B20E0B65200FBB611 /* ApplicationRouter.swift */; };
		FD2EE46F20E0D49A00FBB611 /* CountryEntity.swift in Sources */ = {isa = PBXBuildFile; fileRef = FD2EE46E20E0D49A00FBB611 /* CountryEntity.swift */; };
		FD2EE47120E0D7F500FBB611 /* GetCountriesDataInteractor.swift in Sources */ = {isa = PBXBuildFile; fileRef = FD2EE47020E0D7F500FBB611 /* GetCountriesDataInteractor.swift */; };
		FD2EE47520E0D8A000FBB611 /* WebServiceInteractor.swift in Sources */ = {isa = PBXBuildFile; fileRef = FD2EE47420E0D8A000FBB611 /* WebServiceInteractor.swift */; };
		FD2EE47720E0D97700FBB611 /* BaseAPIInteractor.swift in Sources */ = {isa = PBXBuildFile; fileRef = FD2EE47620E0D97700FBB611 /* BaseAPIInteractor.swift */; };
		FD2EE47920E0E20500FBB611 /* CountryListPresenter.swift in Sources */ = {isa = PBXBuildFile; fileRef = FD2EE47820E0E20500FBB611 /* CountryListPresenter.swift */; };
		FD66720920E2063B0004C79D /* CountryListVCTableViewExtension.swift in Sources */ = {isa = PBXBuildFile; fileRef = FD66720820E2063B0004C79D /* CountryListVCTableViewExtension.swift */; };
		FD66721120E20D590004C79D /* FlagViewController.swift in Sources */ = {isa = PBXBuildFile; fileRef = FD66720F20E20D590004C79D /* FlagViewController.swift */; };
		FD66721220E20D590004C79D /* FlagViewController.xib in Resources */ = {isa = PBXBuildFile; fileRef = FD66721020E20D590004C79D /* FlagViewController.xib */; };
		FD66721620E213C90004C79D /* CountryModuleRouter.swift in Sources */ = {isa = PBXBuildFile; fileRef = FD66721520E213C90004C79D /* CountryModuleRouter.swift */; };
		FD66721A20E216E60004C79D /* BaseRouter.swift in Sources */ = {isa = PBXBuildFile; fileRef = FD66721920E216E60004C79D /* BaseRouter.swift */; };
		FD66721C20E2194F0004C79D /* CountryFlagInteractor.swift in Sources */ = {isa = PBXBuildFile; fileRef = FD66721B20E2194F0004C79D /* CountryFlagInteractor.swift */; };
		FD66721E20E240980004C79D /* FlagViewPresenter.swift in Sources */ = {isa = PBXBuildFile; fileRef = FD66721D20E240980004C79D /* FlagViewPresenter.swift */; };
/* End PBXBuildFile section */

/* Begin PBXFileReference section */
		FD2EE43C20E0AC4000FBB611 /* CodingExample.app */ = {isa = PBXFileReference; explicitFileType = wrapper.application; includeInIndex = 0; path = CodingExample.app; sourceTree = BUILT_PRODUCTS_DIR; };
		FD2EE43F20E0AC4000FBB611 /* AppDelegate.swift */ = {isa = PBXFileReference; lastKnownFileType = sourcecode.swift; path = AppDelegate.swift; sourceTree = "<group>"; };
		FD2EE44620E0AC4100FBB611 /* Assets.xcassets */ = {isa = PBXFileReference; lastKnownFileType = folder.assetcatalog; path = Assets.xcassets; sourceTree = "<group>"; };
		FD2EE44920E0AC4100FBB611 /* Base */ = {isa = PBXFileReference; lastKnownFileType = file.storyboard; name = Base; path = Base.lproj/LaunchScreen.storyboard; sourceTree = "<group>"; };
		FD2EE44B20E0AC4100FBB611 /* Info.plist */ = {isa = PBXFileReference; lastKnownFileType = text.plist.xml; path = Info.plist; sourceTree = "<group>"; };
		FD2EE45420E0AE9E00FBB611 /* BaseViewController.swift */ = {isa = PBXFileReference; fileEncoding = 4; lastKnownFileType = sourcecode.swift; path = BaseViewController.swift; sourceTree = "<group>"; };
		FD2EE46720E0B55300FBB611 /* CountryListViewController.swift */ = {isa = PBXFileReference; fileEncoding = 4; lastKnownFileType = sourcecode.swift; path = CountryListViewController.swift; sourceTree = "<group>"; };
		FD2EE46820E0B55300FBB611 /* CountryListViewController.xib */ = {isa = PBXFileReference; fileEncoding = 4; lastKnownFileType = file.xib; path = CountryListViewController.xib; sourceTree = "<group>"; };
		FD2EE46B20E0B65200FBB611 /* ApplicationRouter.swift */ = {isa = PBXFileReference; lastKnownFileType = sourcecode.swift; name = ApplicationRouter.swift; path = CodingExample/Application/ApplicationRouter.swift; sourceTree = SOURCE_ROOT; };
		FD2EE46E20E0D49A00FBB611 /* CountryEntity.swift */ = {isa = PBXFileReference; lastKnownFileType = sourcecode.swift; path = CountryEntity.swift; sourceTree = "<group>"; };
		FD2EE47020E0D7F500FBB611 /* GetCountriesDataInteractor.swift */ = {isa = PBXFileReference; lastKnownFileType = sourcecode.swift; path = GetCountriesDataInteractor.swift; sourceTree = "<group>"; };
		FD2EE47420E0D8A000FBB611 /* WebServiceInteractor.swift */ = {isa = PBXFileReference; lastKnownFileType = sourcecode.swift; path = WebServiceInteractor.swift; sourceTree = "<group>"; };
		FD2EE47620E0D97700FBB611 /* BaseAPIInteractor.swift */ = {isa = PBXFileReference; lastKnownFileType = sourcecode.swift; path = BaseAPIInteractor.swift; sourceTree = "<group>"; };
		FD2EE47820E0E20500FBB611 /* CountryListPresenter.swift */ = {isa = PBXFileReference; lastKnownFileType = sourcecode.swift; path = CountryListPresenter.swift; sourceTree = "<group>"; };
		FD66720820E2063B0004C79D /* CountryListVCTableViewExtension.swift */ = {isa = PBXFileReference; lastKnownFileType = sourcecode.swift; path = CountryListVCTableViewExtension.swift; sourceTree = "<group>"; };
		FD66720F20E20D590004C79D /* FlagViewController.swift */ = {isa = PBXFileReference; fileEncoding = 4; lastKnownFileType = sourcecode.swift; path = FlagViewController.swift; sourceTree = "<group>"; };
		FD66721020E20D590004C79D /* FlagViewController.xib */ = {isa = PBXFileReference; fileEncoding = 4; lastKnownFileType = file.xib; path = FlagViewController.xib; sourceTree = "<group>"; };
		FD66721520E213C90004C79D /* CountryModuleRouter.swift */ = {isa = PBXFileReference; lastKnownFileType = sourcecode.swift; path = CountryModuleRouter.swift; sourceTree = "<group>"; };
		FD66721920E216E60004C79D /* BaseRouter.swift */ = {isa = PBXFileReference; lastKnownFileType = sourcecode.swift; path = BaseRouter.swift; sourceTree = "<group>"; };
		FD66721B20E2194F0004C79D /* CountryFlagInteractor.swift */ = {isa = PBXFileReference; lastKnownFileType = sourcecode.swift; path = CountryFlagInteractor.swift; sourceTree = "<group>"; };
		FD66721D20E240980004C79D /* FlagViewPresenter.swift */ = {isa = PBXFileReference; lastKnownFileType = sourcecode.swift; path = FlagViewPresenter.swift; sourceTree = "<group>"; };
/* End PBXFileReference section */

/* Begin PBXFrameworksBuildPhase section */
		FD2EE43920E0AC4000FBB611 /* Frameworks */ = {
			isa = PBXFrameworksBuildPhase;
			buildActionMask = 2147483647;
			files = (
			);
			runOnlyForDeploymentPostprocessing = 0;
		};
/* End PBXFrameworksBuildPhase section */

/* Begin PBXGroup section */
		FD2EE43320E0AC4000FBB611 = {
			isa = PBXGroup;
			children = (
				FD2EE43E20E0AC4000FBB611 /* CodingExample */,
				FD2EE43D20E0AC4000FBB611 /* Products */,
			);
			sourceTree = "<group>";
		};
		FD2EE43D20E0AC4000FBB611 /* Products */ = {
			isa = PBXGroup;
			children = (
				FD2EE43C20E0AC4000FBB611 /* CodingExample.app */,
			);
			name = Products;
			sourceTree = "<group>";
		};
		FD2EE43E20E0AC4000FBB611 /* CodingExample */ = {
			isa = PBXGroup;
			children = (
				FD2EE46D20E0C3E000FBB611 /* Application */,
				FD2EE45320E0AE9E00FBB611 /* BaseClasses */,
				FD2EE45620E0B42700FBB611 /* Modules */,
				FD2EE44620E0AC4100FBB611 /* Assets.xcassets */,
				FD2EE44820E0AC4100FBB611 /* LaunchScreen.storyboard */,
				FD2EE44B20E0AC4100FBB611 /* Info.plist */,
			);
			path = CodingExample;
			sourceTree = "<group>";
		};
		FD2EE45320E0AE9E00FBB611 /* BaseClasses */ = {
			isa = PBXGroup;
			children = (
				FD2EE45B20E0B4D500FBB611 /* Entity */,
				FD2EE45A20E0B4D500FBB611 /* Interactor */,
				FD2EE45C20E0B4D500FBB611 /* Presenter */,
				FD2EE45920E0B4D500FBB611 /* Router */,
				FD2EE45820E0B4D500FBB611 /* View */,
			);
			path = BaseClasses;
			sourceTree = "<group>";
		};
		FD2EE45620E0B42700FBB611 /* Modules */ = {
			isa = PBXGroup;
			children = (
				FD2EE45720E0B42700FBB611 /* Country */,
			);
			path = Modules;
			sourceTree = "<group>";
		};
		FD2EE45720E0B42700FBB611 /* Country */ = {
			isa = PBXGroup;
			children = (
				FD2EE45E20E0B4EB00FBB611 /* Entity */,
				FD2EE46120E0B4EB00FBB611 /* Interactor */,
				FD2EE45F20E0B4EB00FBB611 /* Presenter */,
				FD2EE46020E0B4EB00FBB611 /* Router */,
				FD2EE45D20E0B4EB00FBB611 /* View */,
			);
			path = Country;
			sourceTree = "<group>";
		};
		FD2EE45820E0B4D500FBB611 /* View */ = {
			isa = PBXGroup;
			children = (
				FD2EE45420E0AE9E00FBB611 /* BaseViewController.swift */,
			);
			path = View;
			sourceTree = "<group>";
		};
		FD2EE45920E0B4D500FBB611 /* Router */ = {
			isa = PBXGroup;
			children = (
				FD66721920E216E60004C79D /* BaseRouter.swift */,
			);
			path = Router;
			sourceTree = "<group>";
		};
		FD2EE45A20E0B4D500FBB611 /* Interactor */ = {
			isa = PBXGroup;
			children = (
				FD2EE47420E0D8A000FBB611 /* WebServiceInteractor.swift */,
				FD2EE47620E0D97700FBB611 /* BaseAPIInteractor.swift */,
			);
			path = Interactor;
			sourceTree = "<group>";
		};
		FD2EE45B20E0B4D500FBB611 /* Entity */ = {
			isa = PBXGroup;
			children = (
			);
			path = Entity;
			sourceTree = "<group>";
		};
		FD2EE45C20E0B4D500FBB611 /* Presenter */ = {
			isa = PBXGroup;
			children = (
			);
			path = Presenter;
			sourceTree = "<group>";
		};
		FD2EE45D20E0B4EB00FBB611 /* View */ = {
			isa = PBXGroup;
			children = (
				FD66720E20E20D590004C79D /* FlagViewController */,
				FD2EE46620E0B55300FBB611 /* CountryListViewController */,
			);
			path = View;
			sourceTree = "<group>";
		};
		FD2EE45E20E0B4EB00FBB611 /* Entity */ = {
			isa = PBXGroup;
			children = (
				FD2EE46E20E0D49A00FBB611 /* CountryEntity.swift */,
			);
			path = Entity;
			sourceTree = "<group>";
		};
		FD2EE45F20E0B4EB00FBB611 /* Presenter */ = {
			isa = PBXGroup;
			children = (
				FD2EE47820E0E20500FBB611 /* CountryListPresenter.swift */,
				FD66721D20E240980004C79D /* FlagViewPresenter.swift */,
			);
			path = Presenter;
			sourceTree = "<group>";
		};
		FD2EE46020E0B4EB00FBB611 /* Router */ = {
			isa = PBXGroup;
			children = (
				FD66721520E213C90004C79D /* CountryModuleRouter.swift */,
			);
			path = Router;
			sourceTree = "<group>";
		};
		FD2EE46120E0B4EB00FBB611 /* Interactor */ = {
			isa = PBXGroup;
			children = (
				FD2EE47020E0D7F500FBB611 /* GetCountriesDataInteractor.swift */,
				FD66721B20E2194F0004C79D /* CountryFlagInteractor.swift */,
			);
			path = Interactor;
			sourceTree = "<group>";
		};
		FD2EE46620E0B55300FBB611 /* CountryListViewController */ = {
			isa = PBXGroup;
			children = (
				FD2EE46720E0B55300FBB611 /* CountryListViewController.swift */,
				FD2EE46820E0B55300FBB611 /* CountryListViewController.xib */,
				FD66720820E2063B0004C79D /* CountryListVCTableViewExtension.swift */,
			);
			path = CountryListViewController;
			sourceTree = "<group>";
		};
		FD2EE46D20E0C3E000FBB611 /* Application */ = {
			isa = PBXGroup;
			children = (
				FD2EE43F20E0AC4000FBB611 /* AppDelegate.swift */,
				FD2EE46B20E0B65200FBB611 /* ApplicationRouter.swift */,
			);
			path = Application;
			sourceTree = "<group>";
		};
		FD66720E20E20D590004C79D /* FlagViewController */ = {
			isa = PBXGroup;
			children = (
				FD66720F20E20D590004C79D /* FlagViewController.swift */,
				FD66721020E20D590004C79D /* FlagViewController.xib */,
			);
			path = FlagViewController;
			sourceTree = "<group>";
		};
/* End PBXGroup section */

/* Begin PBXNativeTarget section */
		FD2EE43B20E0AC4000FBB611 /* CodingExample */ = {
			isa = PBXNativeTarget;
			buildConfigurationList = FD2EE44E20E0AC4100FBB611 /* Build configuration list for PBXNativeTarget "CodingExample" */;
			buildPhases = (
				FD2EE43820E0AC4000FBB611 /* Sources */,
				FD2EE43920E0AC4000FBB611 /* Frameworks */,
				FD2EE43A20E0AC4000FBB611 /* Resources */,
			);
			buildRules = (
			);
			dependencies = (
			);
			name = CodingExample;
			productName = CodingExample;
			productReference = FD2EE43C20E0AC4000FBB611 /* CodingExample.app */;
			productType = "com.apple.product-type.application";
		};
/* End PBXNativeTarget section */

/* Begin PBXProject section */
		FD2EE43420E0AC4000FBB611 /* Project object */ = {
			isa = PBXProject;
			attributes = {
				LastSwiftUpdateCheck = 0940;
				LastUpgradeCheck = 0940;
				ORGANIZATIONNAME = "Deepak P. Patil";
				TargetAttributes = {
					FD2EE43B20E0AC4000FBB611 = {
						CreatedOnToolsVersion = 9.4;
					};
				};
			};
			buildConfigurationList = FD2EE43720E0AC4000FBB611 /* Build configuration list for PBXProject "CodingExample" */;
			compatibilityVersion = "Xcode 9.3";
			developmentRegion = en;
			hasScannedForEncodings = 0;
			knownRegions = (
				en,
				Base,
			);
			mainGroup = FD2EE43320E0AC4000FBB611;
			productRefGroup = FD2EE43D20E0AC4000FBB611 /* Products */;
			projectDirPath = "";
			projectRoot = "";
			targets = (
				FD2EE43B20E0AC4000FBB611 /* CodingExample */,
			);
		};
/* End PBXProject section */

/* Begin PBXResourcesBuildPhase section */
		FD2EE43A20E0AC4000FBB611 /* Resources */ = {
			isa = PBXResourcesBuildPhase;
			buildActionMask = 2147483647;
			files = (
				FD66721220E20D590004C79D /* FlagViewController.xib in Resources */,
				FD2EE44A20E0AC4100FBB611 /* LaunchScreen.storyboard in Resources */,
				FD2EE46A20E0B55300FBB611 /* CountryListViewController.xib in Resources */,
				FD2EE44720E0AC4100FBB611 /* Assets.xcassets in Resources */,
			);
			runOnlyForDeploymentPostprocessing = 0;
		};
/* End PBXResourcesBuildPhase section */

/* Begin PBXSourcesBuildPhase section */
		FD2EE43820E0AC4000FBB611 /* Sources */ = {
			isa = PBXSourcesBuildPhase;
			buildActionMask = 2147483647;
			files = (
				FD2EE44020E0AC4000FBB611 /* AppDelegate.swift in Sources */,
				FD66721C20E2194F0004C79D /* CountryFlagInteractor.swift in Sources */,
				FD2EE46F20E0D49A00FBB611 /* CountryEntity.swift in Sources */,
				FD66721120E20D590004C79D /* FlagViewController.swift in Sources */,
				FD2EE47720E0D97700FBB611 /* BaseAPIInteractor.swift in Sources */,
				FD2EE46920E0B55300FBB611 /* CountryListViewController.swift in Sources */,
				FD2EE47120E0D7F500FBB611 /* GetCountriesDataInteractor.swift in Sources */,
				FD2EE46C20E0B65200FBB611 /* ApplicationRouter.swift in Sources */,
				FD66721A20E216E60004C79D /* BaseRouter.swift in Sources */,
				FD2EE45520E0AE9E00FBB611 /* BaseViewController.swift in Sources */,
				FD2EE47520E0D8A000FBB611 /* WebServiceInteractor.swift in Sources */,
				FD2EE47920E0E20500FBB611 /* CountryListPresenter.swift in Sources */,
				FD66721E20E240980004C79D /* FlagViewPresenter.swift in Sources */,
				FD66720920E2063B0004C79D /* CountryListVCTableViewExtension.swift in Sources */,
				FD66721620E213C90004C79D /* CountryModuleRouter.swift in Sources */,
			);
			runOnlyForDeploymentPostprocessing = 0;
		};
/* End PBXSourcesBuildPhase section */

/* Begin PBXVariantGroup section */
		FD2EE44820E0AC4100FBB611 /* LaunchScreen.storyboard */ = {
			isa = PBXVariantGroup;
			children = (
				FD2EE44920E0AC4100FBB611 /* Base */,
			);
			name = LaunchScreen.storyboard;
			sourceTree = "<group>";
		};
/* End PBXVariantGroup section */

/* Begin XCBuildConfiguration section */
		FD2EE44C20E0AC4100FBB611 /* Debug */ = {
			isa = XCBuildConfiguration;
			buildSettings = {
				ALWAYS_SEARCH_USER_PATHS = NO;
				CLANG_ANALYZER_NONNULL = YES;
				CLANG_ANALYZER_NUMBER_OBJECT_CONVERSION = YES_AGGRESSIVE;
				CLANG_CXX_LANGUAGE_STANDARD = "gnu++14";
				CLANG_CXX_LIBRARY = "libc++";
				CLANG_ENABLE_MODULES = YES;
				CLANG_ENABLE_OBJC_ARC = YES;
				CLANG_ENABLE_OBJC_WEAK = YES;
				CLANG_WARN_BLOCK_CAPTURE_AUTORELEASING = YES;
				CLANG_WARN_BOOL_CONVERSION = YES;
				CLANG_WARN_COMMA = YES;
				CLANG_WARN_CONSTANT_CONVERSION = YES;
				CLANG_WARN_DEPRECATED_OBJC_IMPLEMENTATIONS = YES;
				CLANG_WARN_DIRECT_OBJC_ISA_USAGE = YES_ERROR;
				CLANG_WARN_DOCUMENTATION_COMMENTS = YES;
				CLANG_WARN_EMPTY_BODY = YES;
				CLANG_WARN_ENUM_CONVERSION = YES;
				CLANG_WARN_INFINITE_RECURSION = YES;
				CLANG_WARN_INT_CONVERSION = YES;
				CLANG_WARN_NON_LITERAL_NULL_CONVERSION = YES;
				CLANG_WARN_OBJC_IMPLICIT_RETAIN_SELF = YES;
				CLANG_WARN_OBJC_LITERAL_CONVERSION = YES;
				CLANG_WARN_OBJC_ROOT_CLASS = YES_ERROR;
				CLANG_WARN_RANGE_LOOP_ANALYSIS = YES;
				CLANG_WARN_STRICT_PROTOTYPES = YES;
				CLANG_WARN_SUSPICIOUS_MOVE = YES;
				CLANG_WARN_UNGUARDED_AVAILABILITY = YES_AGGRESSIVE;
				CLANG_WARN_UNREACHABLE_CODE = YES;
				CLANG_WARN__DUPLICATE_METHOD_MATCH = YES;
				CODE_SIGN_IDENTITY = "iPhone Developer";
				COPY_PHASE_STRIP = NO;
				DEBUG_INFORMATION_FORMAT = dwarf;
				ENABLE_STRICT_OBJC_MSGSEND = YES;
				ENABLE_TESTABILITY = YES;
				GCC_C_LANGUAGE_STANDARD = gnu11;
				GCC_DYNAMIC_NO_PIC = NO;
				GCC_NO_COMMON_BLOCKS = YES;
				GCC_OPTIMIZATION_LEVEL = 0;
				GCC_PREPROCESSOR_DEFINITIONS = (
					"DEBUG=1",
					"$(inherited)",
				);
				GCC_WARN_64_TO_32_BIT_CONVERSION = YES;
				GCC_WARN_ABOUT_RETURN_TYPE = YES_ERROR;
				GCC_WARN_UNDECLARED_SELECTOR = YES;
				GCC_WARN_UNINITIALIZED_AUTOS = YES_AGGRESSIVE;
				GCC_WARN_UNUSED_FUNCTION = YES;
				GCC_WARN_UNUSED_VARIABLE = YES;
				IPHONEOS_DEPLOYMENT_TARGET = 11.4;
				MTL_ENABLE_DEBUG_INFO = YES;
				ONLY_ACTIVE_ARCH = YES;
				SDKROOT = iphoneos;
				SWIFT_ACTIVE_COMPILATION_CONDITIONS = DEBUG;
				SWIFT_OPTIMIZATION_LEVEL = "-Onone";
			};
			name = Debug;
		};
		FD2EE44D20E0AC4100FBB611 /* Release */ = {
			isa = XCBuildConfiguration;
			buildSettings = {
				ALWAYS_SEARCH_USER_PATHS = NO;
				CLANG_ANALYZER_NONNULL = YES;
				CLANG_ANALYZER_NUMBER_OBJECT_CONVERSION = YES_AGGRESSIVE;
				CLANG_CXX_LANGUAGE_STANDARD = "gnu++14";
				CLANG_CXX_LIBRARY = "libc++";
				CLANG_ENABLE_MODULES = YES;
				CLANG_ENABLE_OBJC_ARC = YES;
				CLANG_ENABLE_OBJC_WEAK = YES;
				CLANG_WARN_BLOCK_CAPTURE_AUTORELEASING = YES;
				CLANG_WARN_BOOL_CONVERSION = YES;
				CLANG_WARN_COMMA = YES;
				CLANG_WARN_CONSTANT_CONVERSION = YES;
				CLANG_WARN_DEPRECATED_OBJC_IMPLEMENTATIONS = YES;
				CLANG_WARN_DIRECT_OBJC_ISA_USAGE = YES_ERROR;
				CLANG_WARN_DOCUMENTATION_COMMENTS = YES;
				CLANG_WARN_EMPTY_BODY = YES;
				CLANG_WARN_ENUM_CONVERSION = YES;
				CLANG_WARN_INFINITE_RECURSION = YES;
				CLANG_WARN_INT_CONVERSION = YES;
				CLANG_WARN_NON_LITERAL_NULL_CONVERSION = YES;
				CLANG_WARN_OBJC_IMPLICIT_RETAIN_SELF = YES;
				CLANG_WARN_OBJC_LITERAL_CONVERSION = YES;
				CLANG_WARN_OBJC_ROOT_CLASS = YES_ERROR;
				CLANG_WARN_RANGE_LOOP_ANALYSIS = YES;
				CLANG_WARN_STRICT_PROTOTYPES = YES;
				CLANG_WARN_SUSPICIOUS_MOVE = YES;
				CLANG_WARN_UNGUARDED_AVAILABILITY = YES_AGGRESSIVE;
				CLANG_WARN_UNREACHABLE_CODE = YES;
				CLANG_WARN__DUPLICATE_METHOD_MATCH = YES;
				CODE_SIGN_IDENTITY = "iPhone Developer";
				COPY_PHASE_STRIP = NO;
				DEBUG_INFORMATION_FORMAT = "dwarf-with-dsym";
				ENABLE_NS_ASSERTIONS = NO;
				ENABLE_STRICT_OBJC_MSGSEND = YES;
				GCC_C_LANGUAGE_STANDARD = gnu11;
				GCC_NO_COMMON_BLOCKS = YES;
				GCC_WARN_64_TO_32_BIT_CONVERSION = YES;
				GCC_WARN_ABOUT_RETURN_TYPE = YES_ERROR;
				GCC_WARN_UNDECLARED_SELECTOR = YES;
				GCC_WARN_UNINITIALIZED_AUTOS = YES_AGGRESSIVE;
				GCC_WARN_UNUSED_FUNCTION = YES;
				GCC_WARN_UNUSED_VARIABLE = YES;
				IPHONEOS_DEPLOYMENT_TARGET = 11.4;
				MTL_ENABLE_DEBUG_INFO = NO;
				SDKROOT = iphoneos;
				SWIFT_COMPILATION_MODE = wholemodule;
				SWIFT_OPTIMIZATION_LEVEL = "-O";
				VALIDATE_PRODUCT = YES;
			};
			name = Release;
		};
		FD2EE44F20E0AC4100FBB611 /* Debug */ = {
			isa = XCBuildConfiguration;
			buildSettings = {
				ASSETCATALOG_COMPILER_APPICON_NAME = AppIcon;
				CODE_SIGN_STYLE = Automatic;
				INFOPLIST_FILE = CodingExample/Info.plist;
				IPHONEOS_DEPLOYMENT_TARGET = 10.0;
				LD_RUNPATH_SEARCH_PATHS = (
					"$(inherited)",
					"@executable_path/Frameworks",
				);
				PRODUCT_BUNDLE_IDENTIFIER = com.deepak.patil.CodingExample;
				PRODUCT_NAME = "$(TARGET_NAME)";
				SWIFT_VERSION = 4.0;
				TARGETED_DEVICE_FAMILY = "1,2";
			};
			name = Debug;
		};
		FD2EE45020E0AC4100FBB611 /* Release */ = {
			isa = XCBuildConfiguration;
			buildSettings = {
				ASSETCATALOG_COMPILER_APPICON_NAME = AppIcon;
				CODE_SIGN_STYLE = Automatic;
				INFOPLIST_FILE = CodingExample/Info.plist;
				IPHONEOS_DEPLOYMENT_TARGET = 10.0;
				LD_RUNPATH_SEARCH_PATHS = (
					"$(inherited)",
					"@executable_path/Frameworks",
				);
				PRODUCT_BUNDLE_IDENTIFIER = com.deepak.patil.CodingExample;
				PRODUCT_NAME = "$(TARGET_NAME)";
				SWIFT_VERSION = 4.0;
				TARGETED_DEVICE_FAMILY = "1,2";
			};
			name = Release;
		};
/* End XCBuildConfiguration section */

/* Begin XCConfigurationList section */
		FD2EE43720E0AC4000FBB611 /* Build configuration list for PBXProject "CodingExample" */ = {
			isa = XCConfigurationList;
			buildConfigurations = (
				FD2EE44C20E0AC4100FBB611 /* Debug */,
				FD2EE44D20E0AC4100FBB611 /* Release */,
			);
			defaultConfigurationIsVisible = 0;
			defaultConfigurationName = Release;
		};
		FD2EE44E20E0AC4100FBB611 /* Build configuration list for PBXNativeTarget "CodingExample" */ = {
			isa = XCConfigurationList;
			buildConfigurations = (
				FD2EE44F20E0AC4100FBB611 /* Debug */,
				FD2EE45020E0AC4100FBB611 /* Release */,
			);
			defaultConfigurationIsVisible = 0;
			defaultConfigurationName = Release;
		};
/* End XCConfigurationList section */
	};
	rootObject = FD2EE43420E0AC4000FBB611 /* Project object */;
}
